
Microsoft Visual Studio Solution File, Format Version 12.00
# Visual Studio Version 16
VisualStudioVersion = 16.0.31025.194
MinimumVisualStudioVersion = 10.0.40219.1
Project("{FAE04EC0-301F-11D3-BF4B-00C04F79EFBC}") = "DoanLeMyLinh_5951071049", "DoanLeMyLinh_5951071049\DoanLeMyLinh_5951071049.csproj", "{C788E52D-24BD-487E-8A67-F95D8F4B2690}"
EndProject
Global
	GlobalSection(SolutionConfigurationPlatforms) = preSolution
		Debug|Any CPU = Debug|Any CPU
		Release|Any CPU = Release|Any CPU
	EndGlobalSection
	GlobalSection(ProjectConfigurationPlatforms) = postSolution
		{C788E52D-24BD-487E-8A67-F95D8F4B2690}.Debug|Any CPU.ActiveCfg = Debug|Any CPU
		{C788E52D-24BD-487E-8A67-F95D8F4B2690}.Debug|Any CPU.Build.0 = Debug|Any CPU
		{C788E52D-24BD-487E-8A67-F95D8F4B2690}.Release|Any CPU.ActiveCfg = Release|Any CPU
		{C788E52D-24BD-487E-8A67-F95D8F4B2690}.Release|Any CPU.Build.0 = Release|Any CPU
	EndGlobalSection
	GlobalSection(SolutionProperties) = preSolution
		HideSolutionNode = FALSE
	EndGlobalSection
	GlobalSection(ExtensibilityGlobals) = postSolution
		SolutionGuid = {58881878-82AD-438B-8808-870E1BE0E80D}
	EndGlobalSection
EndGlobal
